// !$*UTF8*$!
{
	archiveVersion = 1;
	classes = {
	};
	objectVersion = 45;
	objects = {

/* Begin PBXBuildFile section */
		13F51E6412698F2F0003D7C8 /* CreateSongController.m in Sources */ = {isa = PBXBuildFile; fileRef = 13F51E6212698F2F0003D7C8 /* CreateSongController.m */; };
		13F51E6512698F2F0003D7C8 /* CreateSongController.xib in Resources */ = {isa = PBXBuildFile; fileRef = 13F51E6312698F2F0003D7C8 /* CreateSongController.xib */; };
		13F51E86126992570003D7C8 /* GlyphTable.m in Sources */ = {isa = PBXBuildFile; fileRef = 13F51E7D126992570003D7C8 /* GlyphTable.m */; };
		13F51E87126992570003D7C8 /* MessengerSystem.m in Sources */ = {isa = PBXBuildFile; fileRef = 13F51E7F126992570003D7C8 /* MessengerSystem.m */; };
		13F51E88126992570003D7C8 /* MessengerViewController.m in Sources */ = {isa = PBXBuildFile; fileRef = 13F51E81126992570003D7C8 /* MessengerViewController.m */; };
		13F51E89126992570003D7C8 /* MessengerIDGenerator.m in Sources */ = {isa = PBXBuildFile; fileRef = 13F51E83126992570003D7C8 /* MessengerIDGenerator.m */; };
		13F51E8A126992570003D7C8 /* MessengerDisplayView.m in Sources */ = {isa = PBXBuildFile; fileRef = 13F51E85126992570003D7C8 /* MessengerDisplayView.m */; };
		13F51EE21269960F0003D7C8 /* BaseViewController.m in Sources */ = {isa = PBXBuildFile; fileRef = 13F51EE01269960F0003D7C8 /* BaseViewController.m */; };
		13F51EE31269960F0003D7C8 /* BaseViewController.xib in Resources */ = {isa = PBXBuildFile; fileRef = 13F51EE11269960F0003D7C8 /* BaseViewController.xib */; };
		13F51EE9126996C80003D7C8 /* TitleViewController.m in Sources */ = {isa = PBXBuildFile; fileRef = 13F51EE7126996C80003D7C8 /* TitleViewController.m */; };
		13F51EEA126996C80003D7C8 /* TitleViewController.xib in Resources */ = {isa = PBXBuildFile; fileRef = 13F51EE8126996C80003D7C8 /* TitleViewController.xib */; };
		1D3623260D0F684500981E51 /* GuitarPrompterAppDelegate.m in Sources */ = {isa = PBXBuildFile; fileRef = 1D3623250D0F684500981E51 /* GuitarPrompterAppDelegate.m */; };
		1D60589B0D05DD56006BFB54 /* main.m in Sources */ = {isa = PBXBuildFile; fileRef = 29B97316FDCFA39411CA2CEA /* main.m */; };
		1D60589F0D05DD5A006BFB54 /* Foundation.framework in Frameworks */ = {isa = PBXBuildFile; fileRef = 1D30AB110D05D00D00671497 /* Foundation.framework */; };
		1DF5F4E00D08C38300B7A737 /* UIKit.framework in Frameworks */ = {isa = PBXBuildFile; fileRef = 1DF5F4DF0D08C38300B7A737 /* UIKit.framework */; };
		288765FD0DF74451002DB57D /* CoreGraphics.framework in Frameworks */ = {isa = PBXBuildFile; fileRef = 288765FC0DF74451002DB57D /* CoreGraphics.framework */; };
		28AD733F0D9D9553002E5188 /* MainWindow.xib in Resources */ = {isa = PBXBuildFile; fileRef = 28AD733E0D9D9553002E5188 /* MainWindow.xib */; };
/* End PBXBuildFile section */

/* Begin PBXFileReference section */
		13F51E6112698F2F0003D7C8 /* CreateSongController.h */ = {isa = PBXFileReference; fileEncoding = 4; lastKnownFileType = sourcecode.c.h; name = CreateSongController.h; path = CreateSongControl/CreateSongController.h; sourceTree = "<group>"; };
		13F51E6212698F2F0003D7C8 /* CreateSongController.m */ = {isa = PBXFileReference; fileEncoding = 4; lastKnownFileType = sourcecode.c.objc; name = CreateSongController.m; path = CreateSongControl/CreateSongController.m; sourceTree = "<group>"; };
		13F51E6312698F2F0003D7C8 /* CreateSongController.xib */ = {isa = PBXFileReference; lastKnownFileType = file.xib; name = CreateSongController.xib; path = CreateSongControl/CreateSongController.xib; sourceTree = "<group>"; };
		13F51E7C126992570003D7C8 /* GlyphTable.h */ = {isa = PBXFileReference; fileEncoding = 4; lastKnownFileType = sourcecode.c.h; path = GlyphTable.h; sourceTree = "<group>"; };
		13F51E7D126992570003D7C8 /* GlyphTable.m */ = {isa = PBXFileReference; fileEncoding = 4; lastKnownFileType = sourcecode.c.objc; path = GlyphTable.m; sourceTree = "<group>"; };
		13F51E7E126992570003D7C8 /* MessengerSystem.h */ = {isa = PBXFileReference; fileEncoding = 4; lastKnownFileType = sourcecode.c.h; path = MessengerSystem.h; sourceTree = "<group>"; };
		13F51E7F126992570003D7C8 /* MessengerSystem.m */ = {isa = PBXFileReference; fileEncoding = 4; lastKnownFileType = sourcecode.c.objc; path = MessengerSystem.m; sourceTree = "<group>"; };
		13F51E80126992570003D7C8 /* MessengerViewController.h */ = {isa = PBXFileReference; fileEncoding = 4; lastKnownFileType = sourcecode.c.h; path = MessengerViewController.h; sourceTree = "<group>"; };
		13F51E81126992570003D7C8 /* MessengerViewController.m */ = {isa = PBXFileReference; fileEncoding = 4; lastKnownFileType = sourcecode.c.objc; path = MessengerViewController.m; sourceTree = "<group>"; };
		13F51E82126992570003D7C8 /* MessengerIDGenerator.h */ = {isa = PBXFileReference; fileEncoding = 4; lastKnownFileType = sourcecode.c.h; path = MessengerIDGenerator.h; sourceTree = "<group>"; };
		13F51E83126992570003D7C8 /* MessengerIDGenerator.m */ = {isa = PBXFileReference; fileEncoding = 4; lastKnownFileType = sourcecode.c.objc; path = MessengerIDGenerator.m; sourceTree = "<group>"; };
		13F51E84126992570003D7C8 /* MessengerDisplayView.h */ = {isa = PBXFileReference; fileEncoding = 4; lastKnownFileType = sourcecode.c.h; path = MessengerDisplayView.h; sourceTree = "<group>"; };
		13F51E85126992570003D7C8 /* MessengerDisplayView.m */ = {isa = PBXFileReference; fileEncoding = 4; lastKnownFileType = sourcecode.c.objc; path = MessengerDisplayView.m; sourceTree = "<group>"; };
		13F51E8E126993070003D7C8 /* GuitarPrompt_ConstSetting.h */ = {isa = PBXFileReference; fileEncoding = 4; lastKnownFileType = sourcecode.c.h; path = GuitarPrompt_ConstSetting.h; sourceTree = "<group>"; };
		13F51EDF1269960F0003D7C8 /* BaseViewController.h */ = {isa = PBXFileReference; fileEncoding = 4; lastKnownFileType = sourcecode.c.h; name = BaseViewController.h; path = BaseViewControl/BaseViewController.h; sourceTree = "<group>"; };
		13F51EE01269960F0003D7C8 /* BaseViewController.m */ = {isa = PBXFileReference; fileEncoding = 4; lastKnownFileType = sourcecode.c.objc; name = BaseViewController.m; path = BaseViewControl/BaseViewController.m; sourceTree = "<group>"; };
		13F51EE11269960F0003D7C8 /* BaseViewController.xib */ = {isa = PBXFileReference; lastKnownFileType = file.xib; name = BaseViewController.xib; path = BaseViewControl/BaseViewController.xib; sourceTree = "<group>"; };
		13F51EE6126996C80003D7C8 /* TitleViewController.h */ = {isa = PBXFileReference; fileEncoding = 4; lastKnownFileType = sourcecode.c.h; name = TitleViewController.h; path = TitleViewControl/TitleViewController.h; sourceTree = "<group>"; };
		13F51EE7126996C80003D7C8 /* TitleViewController.m */ = {isa = PBXFileReference; fileEncoding = 4; lastKnownFileType = sourcecode.c.objc; name = TitleViewController.m; path = TitleViewControl/TitleViewController.m; sourceTree = "<group>"; };
		13F51EE8126996C80003D7C8 /* TitleViewController.xib */ = {isa = PBXFileReference; lastKnownFileType = file.xib; name = TitleViewController.xib; path = TitleViewControl/TitleViewController.xib; sourceTree = "<group>"; };
		1D30AB110D05D00D00671497 /* Foundation.framework */ = {isa = PBXFileReference; lastKnownFileType = wrapper.framework; name = Foundation.framework; path = System/Library/Frameworks/Foundation.framework; sourceTree = SDKROOT; };
		1D3623240D0F684500981E51 /* GuitarPrompterAppDelegate.h */ = {isa = PBXFileReference; fileEncoding = 4; lastKnownFileType = sourcecode.c.h; path = GuitarPrompterAppDelegate.h; sourceTree = "<group>"; };
		1D3623250D0F684500981E51 /* GuitarPrompterAppDelegate.m */ = {isa = PBXFileReference; fileEncoding = 4; lastKnownFileType = sourcecode.c.objc; path = GuitarPrompterAppDelegate.m; sourceTree = "<group>"; };
		1D6058910D05DD3D006BFB54 /* GuitarPrompter.app */ = {isa = PBXFileReference; explicitFileType = wrapper.application; includeInIndex = 0; path = GuitarPrompter.app; sourceTree = BUILT_PRODUCTS_DIR; };
		1DF5F4DF0D08C38300B7A737 /* UIKit.framework */ = {isa = PBXFileReference; lastKnownFileType = wrapper.framework; name = UIKit.framework; path = System/Library/Frameworks/UIKit.framework; sourceTree = SDKROOT; };
		288765FC0DF74451002DB57D /* CoreGraphics.framework */ = {isa = PBXFileReference; lastKnownFileType = wrapper.framework; name = CoreGraphics.framework; path = System/Library/Frameworks/CoreGraphics.framework; sourceTree = SDKROOT; };
		28AD733E0D9D9553002E5188 /* MainWindow.xib */ = {isa = PBXFileReference; lastKnownFileType = file.xib; path = MainWindow.xib; sourceTree = "<group>"; };
		29B97316FDCFA39411CA2CEA /* main.m */ = {isa = PBXFileReference; fileEncoding = 4; lastKnownFileType = sourcecode.c.objc; path = main.m; sourceTree = "<group>"; };
		32CA4F630368D1EE00C91783 /* GuitarPrompter_Prefix.pch */ = {isa = PBXFileReference; fileEncoding = 4; lastKnownFileType = sourcecode.c.h; path = GuitarPrompter_Prefix.pch; sourceTree = "<group>"; };
		8D1107310486CEB800E47090 /* GuitarPrompter-Info.plist */ = {isa = PBXFileReference; fileEncoding = 4; lastKnownFileType = text.plist.xml; path = "GuitarPrompter-Info.plist"; plistStructureDefinitionIdentifier = "com.apple.xcode.plist.structure-definition.iphone.info-plist"; sourceTree = "<group>"; };
/* End PBXFileReference section */

/* Begin PBXFrameworksBuildPhase section */
		1D60588F0D05DD3D006BFB54 /* Frameworks */ = {
			isa = PBXFrameworksBuildPhase;
			buildActionMask = 2147483647;
			files = (
				1D60589F0D05DD5A006BFB54 /* Foundation.framework in Frameworks */,
				1DF5F4E00D08C38300B7A737 /* UIKit.framework in Frameworks */,
				288765FD0DF74451002DB57D /* CoreGraphics.framework in Frameworks */,
			);
			runOnlyForDeploymentPostprocessing = 0;
		};
/* End PBXFrameworksBuildPhase section */

/* Begin PBXGroup section */
		080E96DDFE201D6D7F000001 /* Classes */ = {
			isa = PBXGroup;
			children = (
				13F51EE5126996AF0003D7C8 /* TitleViewControl */,
				13F51EDE126995FC0003D7C8 /* BaseViewControl */,
				13F51E7A126992570003D7C8 /* MessengerSystem */,
				13F51E6712698F340003D7C8 /* CreateSongControl */,
				13F51E8E126993070003D7C8 /* GuitarPrompt_ConstSetting.h */,
				1D3623240D0F684500981E51 /* GuitarPrompterAppDelegate.h */,
				1D3623250D0F684500981E51 /* GuitarPrompterAppDelegate.m */,
			);
			path = Classes;
			sourceTree = "<group>";
		};
		13F51E6712698F340003D7C8 /* CreateSongControl */ = {
			isa = PBXGroup;
			children = (
				13F51E6112698F2F0003D7C8 /* CreateSongController.h */,
				13F51E6212698F2F0003D7C8 /* CreateSongController.m */,
				13F51E6312698F2F0003D7C8 /* CreateSongController.xib */,
			);
			name = CreateSongControl;
			path = ..;
			sourceTree = "<group>";
		};
		13F51E7A126992570003D7C8 /* MessengerSystem */ = {
			isa = PBXGroup;
			children = (
				13F51E7B126992570003D7C8 /* GlyphTable */,
				13F51E7E126992570003D7C8 /* MessengerSystem.h */,
				13F51E7F126992570003D7C8 /* MessengerSystem.m */,
				13F51E80126992570003D7C8 /* MessengerViewController.h */,
				13F51E81126992570003D7C8 /* MessengerViewController.m */,
				13F51E82126992570003D7C8 /* MessengerIDGenerator.h */,
				13F51E83126992570003D7C8 /* MessengerIDGenerator.m */,
				13F51E84126992570003D7C8 /* MessengerDisplayView.h */,
				13F51E85126992570003D7C8 /* MessengerDisplayView.m */,
			);
			name = MessengerSystem;
			path = ../MessengerSystem;
			sourceTree = "<group>";
		};
		13F51E7B126992570003D7C8 /* GlyphTable */ = {
			isa = PBXGroup;
			children = (
				13F51E7C126992570003D7C8 /* GlyphTable.h */,
				13F51E7D126992570003D7C8 /* GlyphTable.m */,
			);
			path = GlyphTable;
			sourceTree = "<group>";
		};
		13F51EDE126995FC0003D7C8 /* BaseViewControl */ = {
			isa = PBXGroup;
			children = (
				13F51EDF1269960F0003D7C8 /* BaseViewController.h */,
				13F51EE01269960F0003D7C8 /* BaseViewController.m */,
				13F51EE11269960F0003D7C8 /* BaseViewController.xib */,
			);
			name = BaseViewControl;
			sourceTree = "<group>";
		};
		13F51EE5126996AF0003D7C8 /* TitleViewControl */ = {
			isa = PBXGroup;
			children = (
				13F51EE6126996C80003D7C8 /* TitleViewController.h */,
				13F51EE7126996C80003D7C8 /* TitleViewController.m */,
				13F51EE8126996C80003D7C8 /* TitleViewController.xib */,
			);
			name = TitleViewControl;
			sourceTree = "<group>";
		};
		19C28FACFE9D520D11CA2CBB /* Products */ = {
			isa = PBXGroup;
			children = (
				1D6058910D05DD3D006BFB54 /* GuitarPrompter.app */,
			);
			name = Products;
			sourceTree = "<group>";
		};
		29B97314FDCFA39411CA2CEA /* CustomTemplate */ = {
			isa = PBXGroup;
			children = (
				080E96DDFE201D6D7F000001 /* Classes */,
				29B97315FDCFA39411CA2CEA /* Other Sources */,
				29B97317FDCFA39411CA2CEA /* Resources */,
				29B97323FDCFA39411CA2CEA /* Frameworks */,
				19C28FACFE9D520D11CA2CBB /* Products */,
			);
			name = CustomTemplate;
			sourceTree = "<group>";
		};
		29B97315FDCFA39411CA2CEA /* Other Sources */ = {
			isa = PBXGroup;
			children = (
				32CA4F630368D1EE00C91783 /* GuitarPrompter_Prefix.pch */,
				29B97316FDCFA39411CA2CEA /* main.m */,
			);
			name = "Other Sources";
			sourceTree = "<group>";
		};
		29B97317FDCFA39411CA2CEA /* Resources */ = {
			isa = PBXGroup;
			children = (
				28AD733E0D9D9553002E5188 /* MainWindow.xib */,
				8D1107310486CEB800E47090 /* GuitarPrompter-Info.plist */,
			);
			name = Resources;
			sourceTree = "<group>";
		};
		29B97323FDCFA39411CA2CEA /* Frameworks */ = {
			isa = PBXGroup;
			children = (
				1DF5F4DF0D08C38300B7A737 /* UIKit.framework */,
				1D30AB110D05D00D00671497 /* Foundation.framework */,
				288765FC0DF74451002DB57D /* CoreGraphics.framework */,
			);
			name = Frameworks;
			sourceTree = "<group>";
		};
/* End PBXGroup section */

/* Begin PBXNativeTarget section */
		1D6058900D05DD3D006BFB54 /* GuitarPrompter */ = {
			isa = PBXNativeTarget;
			buildConfigurationList = 1D6058960D05DD3E006BFB54 /* Build configuration list for PBXNativeTarget "GuitarPrompter" */;
			buildPhases = (
				1D60588D0D05DD3D006BFB54 /* Resources */,
				1D60588E0D05DD3D006BFB54 /* Sources */,
				1D60588F0D05DD3D006BFB54 /* Frameworks */,
			);
			buildRules = (
			);
			dependencies = (
			);
			name = GuitarPrompter;
			productName = GuitarPrompter;
			productReference = 1D6058910D05DD3D006BFB54 /* GuitarPrompter.app */;
			productType = "com.apple.product-type.application";
		};
/* End PBXNativeTarget section */

/* Begin PBXProject section */
		29B97313FDCFA39411CA2CEA /* Project object */ = {
			isa = PBXProject;
			buildConfigurationList = C01FCF4E08A954540054247B /* Build configuration list for PBXProject "GuitarPrompter" */;
			compatibilityVersion = "Xcode 3.1";
			hasScannedForEncodings = 1;
			mainGroup = 29B97314FDCFA39411CA2CEA /* CustomTemplate */;
			projectDirPath = "";
			projectRoot = "";
			targets = (
				1D6058900D05DD3D006BFB54 /* GuitarPrompter */,
			);
		};
/* End PBXProject section */

/* Begin PBXResourcesBuildPhase section */
		1D60588D0D05DD3D006BFB54 /* Resources */ = {
			isa = PBXResourcesBuildPhase;
			buildActionMask = 2147483647;
			files = (
				28AD733F0D9D9553002E5188 /* MainWindow.xib in Resources */,
				13F51E6512698F2F0003D7C8 /* CreateSongController.xib in Resources */,
				13F51EE31269960F0003D7C8 /* BaseViewController.xib in Resources */,
				13F51EEA126996C80003D7C8 /* TitleViewController.xib in Resources */,
			);
			runOnlyForDeploymentPostprocessing = 0;
		};
/* End PBXResourcesBuildPhase section */

/* Begin PBXSourcesBuildPhase section */
		1D60588E0D05DD3D006BFB54 /* Sources */ = {
			isa = PBXSourcesBuildPhase;
			buildActionMask = 2147483647;
			files = (
				1D60589B0D05DD56006BFB54 /* main.m in Sources */,
				1D3623260D0F684500981E51 /* GuitarPrompterAppDelegate.m in Sources */,
				13F51E6412698F2F0003D7C8 /* CreateSongController.m in Sources */,
				13F51E86126992570003D7C8 /* GlyphTable.m in Sources */,
				13F51E87126992570003D7C8 /* MessengerSystem.m in Sources */,
				13F51E88126992570003D7C8 /* MessengerViewController.m in Sources */,
				13F51E89126992570003D7C8 /* MessengerIDGenerator.m in Sources */,
				13F51E8A126992570003D7C8 /* MessengerDisplayView.m in Sources */,
				13F51EE21269960F0003D7C8 /* BaseViewController.m in Sources */,
				13F51EE9126996C80003D7C8 /* TitleViewController.m in Sources */,
			);
			runOnlyForDeploymentPostprocessing = 0;
		};
/* End PBXSourcesBuildPhase section */

/* Begin XCBuildConfiguration section */
		1D6058940D05DD3E006BFB54 /* Debug */ = {
			isa = XCBuildConfiguration;
			buildSettings = {
				ALWAYS_SEARCH_USER_PATHS = NO;
				COPY_PHASE_STRIP = NO;
				GCC_DYNAMIC_NO_PIC = NO;
				GCC_OPTIMIZATION_LEVEL = 0;
				GCC_PRECOMPILE_PREFIX_HEADER = YES;
				GCC_PREFIX_HEADER = GuitarPrompter_Prefix.pch;
				INFOPLIST_FILE = "GuitarPrompter-Info.plist";
				PRODUCT_NAME = GuitarPrompter;
			};
			name = Debug;
		};
		1D6058950D05DD3E006BFB54 /* Release */ = {
			isa = XCBuildConfiguration;
			buildSettings = {
				ALWAYS_SEARCH_USER_PATHS = NO;
				COPY_PHASE_STRIP = YES;
				GCC_PRECOMPILE_PREFIX_HEADER = YES;
				GCC_PREFIX_HEADER = GuitarPrompter_Prefix.pch;
				INFOPLIST_FILE = "GuitarPrompter-Info.plist";
				PRODUCT_NAME = GuitarPrompter;
				VALIDATE_PRODUCT = YES;
			};
			name = Release;
		};
		C01FCF4F08A954540054247B /* Debug */ = {
			isa = XCBuildConfiguration;
			buildSettings = {
				ARCHS = "$(ARCHS_STANDARD_32_BIT)";
				"CODE_SIGN_IDENTITY[sdk=iphoneos*]" = "iPhone Developer";
				GCC_C_LANGUAGE_STANDARD = c99;
				GCC_WARN_ABOUT_RETURN_TYPE = YES;
				GCC_WARN_UNUSED_VARIABLE = YES;
				PREBINDING = NO;
				SDKROOT = iphoneos4.0;
			};
			name = Debug;
		};
		C01FCF5008A954540054247B /* Release */ = {
			isa = XCBuildConfiguration;
			buildSettings = {
				ARCHS = "$(ARCHS_STANDARD_32_BIT)";
				"CODE_SIGN_IDENTITY[sdk=iphoneos*]" = "iPhone Developer";
				GCC_C_LANGUAGE_STANDARD = c99;
				GCC_WARN_ABOUT_RETURN_TYPE = YES;
				GCC_WARN_UNUSED_VARIABLE = YES;
				OTHER_CFLAGS = "-DNS_BLOCK_ASSERTIONS=1";
				PREBINDING = NO;
				SDKROOT = iphoneos4.0;
			};
			name = Release;
		};
/* End XCBuildConfiguration section */

/* Begin XCConfigurationList section */
		1D6058960D05DD3E006BFB54 /* Build configuration list for PBXNativeTarget "GuitarPrompter" */ = {
			isa = XCConfigurationList;
			buildConfigurations = (
				1D6058940D05DD3E006BFB54 /* Debug */,
				1D6058950D05DD3E006BFB54 /* Release */,
			);
			defaultConfigurationIsVisible = 0;
			defaultConfigurationName = Release;
		};
		C01FCF4E08A954540054247B /* Build configuration list for PBXProject "GuitarPrompter" */ = {
			isa = XCConfigurationList;
			buildConfigurations = (
				C01FCF4F08A954540054247B /* Debug */,
				C01FCF5008A954540054247B /* Release */,
			);
			defaultConfigurationIsVisible = 0;
			defaultConfigurationName = Release;
		};
/* End XCConfigurationList section */
	};
	rootObject = 29B97313FDCFA39411CA2CEA /* Project object */;
}
